<?xml version="1.0" encoding="utf-8"?>
<Project ToolsVersion="4.0" xmlns="http://schemas.microsoft.com/developer/msbuild/2003">
  <ItemGroup>
    <ClCompile Include="Code\Component\Button.cpp" />
    <ClCompile Include="Code\Component\Cmp_ButtonGroup.cpp" />
    <ClCompile Include="Code\Component\Cmp_Image.cpp" />
    <ClCompile Include="Code\GetKey.cpp" />
    <ClCompile Include="Code\GlovalLoading.cpp" />
    <ClCompile Include="Code\main.cpp" />
    <ClCompile Include="Code\OriginMath.cpp" />
    <ClCompile Include="Code\SceneManager.cpp" />
    <ClCompile Include="Code\Scene\BlackJack\BJ_Dealer.cpp" />
    <ClCompile Include="Code\Scene\BlackJack\BJ_Main.cpp" />
    <ClCompile Include="Code\Scene\BlackJack\BJ_Player.cpp" />
    <ClCompile Include="Code\Scene\BlackJack\BJ_Shoe.cpp" />
    <ClCompile Include="Code\Scene\ConnectFour\CF_Player.cpp" />
    <ClCompile Include="Code\Scene\ConnectFour\Scene_ConnectFour.cpp" />
    <ClCompile Include="Code\Scene\daifugou\CP_Player.cpp" />
    <ClCompile Include="Code\Scene\Karuta\Karu_Game.cpp" />
    <ClCompile Include="Code\Scene\Karuta\Scene_Karuta.cpp" />
    <ClCompile Include="Code\Scene\Othello\Othello_Board.cpp" />
    <ClCompile Include="Code\Scene\Othello\Scene_Othello.cpp" />
    <ClCompile Include="Code\Scene\daifugou\CP_Scene.cpp" />
    <ClCompile Include="Code\Scene\Title\Cmp_SelectSelector.cpp" />
    <ClCompile Include="Code\Scene\Title\Title_Select_Explain.cpp" />
    <ClCompile Include="Code\Scene\Title\Title.cpp" />
    <ClCompile Include="Code\Scene\Title\Title_Select.cpp" />
    <ClCompile Include="Code\Scene\Sugoroku\SR_Saikoro.cpp" />
    <ClCompile Include="Code\Scene\Sugoroku\SR_Title.cpp" />
    <ClCompile Include="Code\Scene\Sugoroku\SR_Game.cpp" />
    <ClCompile Include="Code\Worldval.cpp" />
    <ClCompile Include="Code\Scene\Sugoroku\SR_Map.cpp" />
    <ClCompile Include="Code\Scene\Poker\Section\Poker.cpp" />
    <ClCompile Include="Code\Scene\Poker\PK_Pot.cpp" />
    <ClCompile Include="Code\Scene\Poker\PK_Btn.cpp" />
    <ClCompile Include="Code\Scene\Poker\PK_Dealer.cpp" />
    <ClCompile Include="Code\Scene\Poker\Chara\PK_Chara.cpp" />
    <ClCompile Include="Code\Scene\Poker\PK_CardDealer.cpp" />
    <ClCompile Include="Code\Scene\Poker\Chara\CPU\PK_CPU.cpp" />
    <ClCompile Include="Code\Scene\Poker\Chara\Player\PK_Player.cpp" />
    <ClCompile Include="Code\Scene\Poker\Component\Cmp_CPUBetLogic.cpp" />
    <ClCompile Include="Code\Component\Gage.cpp" />
    <ClCompile Include="Code\Component\Cmp_Gage_MouseControl.cpp" />
    <ClCompile Include="Code\Component\Cmp_Gage_Border.cpp" />
    <ClCompile Include="Code\Scene\Poker\Section\PK_GameClear.cpp" />
    <ClCompile Include="Code\Scene\Poker\PokerFontData.cpp" />
    <ClCompile Include="Code\Scene\Poker\PK_Card.cpp" />
    <ClCompile Include="Code\Scene\Poker\Component\Cmp_PlayerRaiseDraw.cpp" />
    <ClCompile Include="Code\Scene\Sugoroku\SR_Result.cpp" />
    <ClCompile Include="Code\Scene\BlackJack\BJ_Slider.cpp" />
    <ClCompile Include="Code\Scene\daifugou\daigugou.cpp" />
    <ClCompile Include="Code\Scene\BlackJack\Pose.cpp" />
    <ClCompile Include="Code\Scene\Sugoroku\SR_Scene.cpp" />
    <ClCompile Include="Code\Scene\AirHockey\AirHockeyGameScene.cpp" />
    <ClCompile Include="Code\Scene\AirHockey\AirHockey.cpp" />
    <ClCompile Include="Code\Scene\Poker\Component\Cmp_ThinkingImage.cpp" />
    <ClCompile Include="Code\Component\Cmp_Gage_UpperBorder.cpp" />
    <ClCompile Include="Code\Scene\PageOne\PageOne.cpp" />
    <ClCompile Include="Code\Scene\PageOne\Scene_PageOne.cpp" />
    <ClCompile Include="Code\Scene\Poker\Section\PK_SectionLibrary.cpp" />
    <ClCompile Include="Code\Scene\Poker\Section\PK_Pre.cpp" />
    <ClCompile Include="Code\Scene\Poker\Section\PK_Main.cpp" />
    <ClCompile Include="Code\Scene\Poker\Section\PK_Ini.cpp" />
    <ClCompile Include="Code\Scene\Poker\Section\PK_Change.cpp" />
    <ClCompile Include="Code\Scene\Poker\Section\PK_ShowDown.cpp" />
    <ClCompile Include="Code\Scene\Poker\Section\PK_NoContest.cpp" />
    <ClCompile Include="Code\Scene\Poker\Section\PK_GameOver.cpp" />
    <ClCompile Include="Code\Component\Component.cpp" />
    <ClCompile Include="Code\Component\ComponentArray.cpp" />
    <ClCompile Include="Code\Scene\Poker\Chara\Player\PK_Player_Change.cpp" />
    <ClCompile Include="Code\Scene\Poker\Chara\Player\PK_Player_Main.cpp" />
    <ClCompile Include="Code\Scene\Poker\Chara\CPU\PK_CPU_Main.cpp" />
    <ClCompile Include="Code\Scene\Poker\Chara\CPU\PK_CPU_Change.cpp" />
    <ClCompile Include="Code\Scene\Poker\Chara\CPU\PK_CPU_DataPlace.cpp" />
    <ClCompile Include="Code\Scene\Title\Title_Select_ButtonCreator.cpp" />
    <ClCompile Include="Code\Component\Cmp_ButtonResetData.cpp" />
  </ItemGroup>
  <ItemGroup>
    <ClInclude Include="Code\Component\Button.h" />
    <ClInclude Include="Code\Component\Cmp_ButtonGroup.h" />
    <ClInclude Include="Code\Component\Component.h" />
    <ClInclude Include="Code\Component\Cmp_Image.h" />
    <ClInclude Include="Code\Component\Cmp_Transform.h" />
    <ClInclude Include="Code\ConstVal.h" />
    <ClInclude Include="Code\GetKey.h" />
    <ClInclude Include="Code\GlovalLoading.h" />
    <ClInclude Include="Code\OriginMath.h" />
    <ClInclude Include="Code\SceneManager.h" />
    <ClInclude Include="Code\Scene\BlackJack\BJ_Dealer.h" />
    <ClInclude Include="Code\Scene\BlackJack\BJ_Head.h" />
    <ClInclude Include="Code\Scene\BlackJack\BJ_Main.h" />
    <ClInclude Include="Code\Scene\BlackJack\BJ_Player.h" />
    <ClInclude Include="Code\Scene\BlackJack\BJ_Shoe.h" />
    <ClInclude Include="Code\Scene\ConnectFour\CF_Player.h" />
    <ClInclude Include="Code\Scene\ConnectFour\Scene_ConnectFour.h" />
    <ClInclude Include="Code\Scene\daifugou\CP_Player.h" />
    <ClInclude Include="Code\Scene\Karuta\Karu_Game.h" />
    <ClInclude Include="Code\Scene\Karuta\Scene_Karuta.h" />
    <ClInclude Include="Code\Scene\Othello\Othello_Board.h" />
    <ClInclude Include="Code\Scene\Othello\Scene_Othello.h" />
    <ClInclude Include="Code\Scene\daifugou\CP_Scene.h" />
    <ClInclude Include="Code\Scene\Scene.h" />
    <ClInclude Include="Code\Scene\Title\Cmp_SelectSelector.h" />
    <ClInclude Include="Code\Scene\Title\Title_Select_Explain.h" />
    <ClInclude Include="Code\Scene\Title\Title.h" />
    <ClInclude Include="Code\Scene\Title\Title_Select.h" />
    <ClInclude Include="Code\Scene\Sugoroku\SR_Game.h" />
    <ClInclude Include="Code\Scene\Sugoroku\SR_Saikoro.h" />
    <ClInclude Include="Code\Scene\Sugoroku\SR_Title.h" />
    <ClInclude Include="Code\Worldval.h" />
    <ClInclude Include="Code\Scene\Sugoroku\SR_Map.h" />
    <ClInclude Include="Code\Scene\Poker\Section\Poker.h" />
    <ClInclude Include="Code\Scene\Poker\PK_Pot.h" />
    <ClInclude Include="Code\Scene\Poker\PK_Btn.h" />
    <ClInclude Include="Code\Scene\Poker\PK_Dealer.h" />
    <ClInclude Include="Code\Scene\Poker\Section\PK_GameClear.h" />
    <ClInclude Include="Code\Scene\Poker\Chara\PK_Chara.h" />
    <ClInclude Include="Code\Scene\Poker\PK_CardDealer.h" />
    <ClInclude Include="Code\Scene\Poker\Chara\CPU\PK_CPU.h" />
    <ClInclude Include="Code\Scene\Poker\Chara\Player\PK_Player.h" />
    <ClInclude Include="Code\Scene\Poker\Component\Cmp_BetActionRecord.h" />
    <ClInclude Include="Code\Scene\Poker\Component\Cmp_CPUBetLogic.h" />
    <ClInclude Include="Code\Scene\Poker\BetLogicInitializeData.h" />
    <ClInclude Include="Code\Component\Gage.h" />
    <ClInclude Include="Code\Component\Cmp_Gage_MouseControl.h" />
    <ClInclude Include="Code\Component\Cmp_Button_ClickCheck.h" />
    <ClInclude Include="Code\Component\Cmp_Gage_Border.h" />
    <ClInclude Include="Code\Scene\Poker\PokerFontData.h" />
    <ClInclude Include="Code\Scene\Poker\PK_Card.h" />
    <ClInclude Include="Code\Scene\Poker\Component\Cmp_PlayerRaiseDraw.h" />
    <ClInclude Include="Code\Scene\Sugoroku\SR_Result.h" />
    <ClInclude Include="Code\Scene\BlackJack\BJ_Slider.h" />
    <ClInclude Include="Code\Scene\daifugou\daifugou.h" />
    <ClInclude Include="Code\Scene\BlackJack\Pose.h" />
    <ClInclude Include="Code\Scene\Sugoroku\SR_Scene.h" />
    <ClInclude Include="Code\Scene\AirHockey\AirHockey.h" />
    <ClInclude Include="Code\Scene\AirHockey\AirHockeyGameScene.h" />
    <ClInclude Include="Code\Scene\Poker\Component\Cmp_ThinkingImage.h" />
    <ClInclude Include="Code\Component\Cmp_Gage_UpperBorder.h" />
    <ClInclude Include="Code\Scene\PageOne\PageOne.h" />
    <ClInclude Include="Code\Scene\PageOne\Scene_PageOne.h" />
    <ClInclude Include="Code\Scene\Poker\Section\PK_SectionLibrary.h" />
    <ClInclude Include="Code\Scene\Poker\Section\PK_Pre.h" />
    <ClInclude Include="Code\Scene\Poker\Section\PK_Main.h" />
    <ClInclude Include="Code\Scene\Poker\Section\PK_Ini.h" />
    <ClInclude Include="Code\Scene\Poker\Section\PK_Change.h" />
    <ClInclude Include="Code\Scene\Poker\Section\PK_ShowDown.h" />
    <ClInclude Include="Code\Scene\Poker\Section\PK_NoContest.h" />
    <ClInclude Include="Code\Scene\Poker\Section\PK_GameOver.h" />
    <ClInclude Include="Code\Component\ComponentArray.h" />
    <ClInclude Include="Code\Scene\Poker\Chara\Player\PK_Player_Change.h" />
    <ClInclude Include="Code\Scene\Poker\Chara\Player\PK_Player_Main.h" />
    <ClInclude Include="Code\Scene\Poker\Chara\CPU\PK_CPU_Main.h" />
    <ClInclude Include="Code\Scene\Poker\Chara\CPU\PK_CPU_Change.h" />
    <ClInclude Include="Code\Scene\Poker\Chara\CPU\PK_CPU_DataPlace.h" />
    <ClInclude Include="Code\Scene\Title\Title_Select_ButtonCreator.h" />
    <ClInclude Include="Code\Component\Cmp_ButtonResetData.h" />
  </ItemGroup>
  <ItemGroup>
    <None Include="Code\Scene\Title\SelectScene.cd" />
  </ItemGroup>
</Project>